
Microsoft Visual Studio Solution File, Format Version 12.00
# Visual Studio Version 16
VisualStudioVersion = 16.0.29025.244
MinimumVisualStudioVersion = 10.0.40219.1
Project("{FAE04EC0-301F-11D3-BF4B-00C04F79EFBC}") = "PUSH-SMS-SERVICE", "PUSH-SMS-SERVICE.csproj", "{22A8CF7E-4C7D-4F38-92A9-A230DF9A12BB}"
EndProject
Global
	GlobalSection(SolutionConfigurationPlatforms) = preSolution
		Debug|Any CPU = Debug|Any CPU
		Release|Any CPU = Release|Any CPU
	EndGlobalSection
	GlobalSection(ProjectConfigurationPlatforms) = postSolution
		{22A8CF7E-4C7D-4F38-92A9-A230DF9A12BB}.Debug|Any CPU.ActiveCfg = Debug|Any CPU
		{22A8CF7E-4C7D-4F38-92A9-A230DF9A12BB}.Debug|Any CPU.Build.0 = Debug|Any CPU
		{22A8CF7E-4C7D-4F38-92A9-A230DF9A12BB}.Release|Any CPU.ActiveCfg = Release|Any CPU
		{22A8CF7E-4C7D-4F38-92A9-A230DF9A12BB}.Release|Any CPU.Build.0 = Release|Any CPU
	EndGlobalSection
	GlobalSection(SolutionProperties) = preSolution
		HideSolutionNode = FALSE
	EndGlobalSection
	GlobalSection(ExtensibilityGlobals) = postSolution
		SolutionGuid = {768856A8-39DA-4C26-A7FE-750001BF721C}
	EndGlobalSection
EndGlobal
